
Microsoft Visual Studio Solution File, Format Version 12.00
# Visual Studio 15
VisualStudioVersion = 15.0.27130.2020
MinimumVisualStudioVersion = 10.0.40219.1
Project("{8BC9CEB8-8B4A-11D0-8D11-00A0C91BC942}") = "baekjoon_2845", "baekjoon_2845\baekjoon_2845.vcxproj", "{990820D1-772F-4649-B626-62D12CEC8DBE}"
EndProject
Global
	GlobalSection(SolutionConfigurationPlatforms) = preSolution
		Debug|x64 = Debug|x64
		Debug|x86 = Debug|x86
		Release|x64 = Release|x64
		Release|x86 = Release|x86
	EndGlobalSection
	GlobalSection(ProjectConfigurationPlatforms) = postSolution
		{990820D1-772F-4649-B626-62D12CEC8DBE}.Debug|x64.ActiveCfg = Debug|x64
		{990820D1-772F-4649-B626-62D12CEC8DBE}.Debug|x64.Build.0 = Debug|x64
		{990820D1-772F-4649-B626-62D12CEC8DBE}.Debug|x86.ActiveCfg = Debug|Win32
		{990820D1-772F-4649-B626-62D12CEC8DBE}.Debug|x86.Build.0 = Debug|Win32
		{990820D1-772F-4649-B626-62D12CEC8DBE}.Release|x64.ActiveCfg = Release|x64
		{990820D1-772F-4649-B626-62D12CEC8DBE}.Release|x64.Build.0 = Release|x64
		{990820D1-772F-4649-B626-62D12CEC8DBE}.Release|x86.ActiveCfg = Release|Win32
		{990820D1-772F-4649-B626-62D12CEC8DBE}.Release|x86.Build.0 = Release|Win32
	EndGlobalSection
	GlobalSection(SolutionProperties) = preSolution
		HideSolutionNode = FALSE
	EndGlobalSection
	GlobalSection(ExtensibilityGlobals) = postSolution
		SolutionGuid = {7D9BE093-EC5A-4807-9545-7A6C08B74E43}
	EndGlobalSection
EndGlobal
